// !$*UTF8*$!
{
	archiveVersion = 1;
	classes = {
	};
	objectVersion = 51;
	objects = {

/* Begin PBXBuildFile section */
		59B7170744AC0776827920AC /* Pods_Swift5FBloginFirebase.framework in Frameworks */ = {isa = PBXBuildFile; fileRef = 1724A78378898C0B62C47AC1 /* Pods_Swift5FBloginFirebase.framework */; };
		8D07D78E24D0F4C4008DA038 /* AppDelegate.swift in Sources */ = {isa = PBXBuildFile; fileRef = 8D07D78D24D0F4C4008DA038 /* AppDelegate.swift */; };
		8D07D79024D0F4C4008DA038 /* SceneDelegate.swift in Sources */ = {isa = PBXBuildFile; fileRef = 8D07D78F24D0F4C4008DA038 /* SceneDelegate.swift */; };
		8D07D79224D0F4C4008DA038 /* ViewController.swift in Sources */ = {isa = PBXBuildFile; fileRef = 8D07D79124D0F4C4008DA038 /* ViewController.swift */; };
		8D07D79524D0F4C4008DA038 /* Main.storyboard in Resources */ = {isa = PBXBuildFile; fileRef = 8D07D79324D0F4C4008DA038 /* Main.storyboard */; };
		8D07D79724D0F4C8008DA038 /* Assets.xcassets in Resources */ = {isa = PBXBuildFile; fileRef = 8D07D79624D0F4C8008DA038 /* Assets.xcassets */; };
		8D07D79A24D0F4C8008DA038 /* LaunchScreen.storyboard in Resources */ = {isa = PBXBuildFile; fileRef = 8D07D79824D0F4C8008DA038 /* LaunchScreen.storyboard */; };
		8D0C291524D11B700061FD37 /* GoogleService-Info.plist in Resources */ = {isa = PBXBuildFile; fileRef = 8D0C291424D11B700061FD37 /* GoogleService-Info.plist */; };
		8D0C291724D134120061FD37 /* NextViewController.swift in Sources */ = {isa = PBXBuildFile; fileRef = 8D0C291624D134120061FD37 /* NextViewController.swift */; };
/* End PBXBuildFile section */

/* Begin PBXFileReference section */
		1724A78378898C0B62C47AC1 /* Pods_Swift5FBloginFirebase.framework */ = {isa = PBXFileReference; explicitFileType = wrapper.framework; includeInIndex = 0; path = Pods_Swift5FBloginFirebase.framework; sourceTree = BUILT_PRODUCTS_DIR; };
		260C35750D251E1A1A8D890D /* Pods-Swift5FBloginFirebase.release.xcconfig */ = {isa = PBXFileReference; includeInIndex = 1; lastKnownFileType = text.xcconfig; name = "Pods-Swift5FBloginFirebase.release.xcconfig"; path = "Target Support Files/Pods-Swift5FBloginFirebase/Pods-Swift5FBloginFirebase.release.xcconfig"; sourceTree = "<group>"; };
		46733676B49EA01170BD9F72 /* Pods-Swift5FBloginFirebase.debug.xcconfig */ = {isa = PBXFileReference; includeInIndex = 1; lastKnownFileType = text.xcconfig; name = "Pods-Swift5FBloginFirebase.debug.xcconfig"; path = "Target Support Files/Pods-Swift5FBloginFirebase/Pods-Swift5FBloginFirebase.debug.xcconfig"; sourceTree = "<group>"; };
		8D07D78A24D0F4C4008DA038 /* Swift5FBloginFirebase.app */ = {isa = PBXFileReference; explicitFileType = wrapper.application; includeInIndex = 0; path = Swift5FBloginFirebase.app; sourceTree = BUILT_PRODUCTS_DIR; };
		8D07D78D24D0F4C4008DA038 /* AppDelegate.swift */ = {isa = PBXFileReference; lastKnownFileType = sourcecode.swift; path = AppDelegate.swift; sourceTree = "<group>"; };
		8D07D78F24D0F4C4008DA038 /* SceneDelegate.swift */ = {isa = PBXFileReference; lastKnownFileType = sourcecode.swift; path = SceneDelegate.swift; sourceTree = "<group>"; };
		8D07D79124D0F4C4008DA038 /* ViewController.swift */ = {isa = PBXFileReference; lastKnownFileType = sourcecode.swift; path = ViewController.swift; sourceTree = "<group>"; };
		8D07D79424D0F4C4008DA038 /* Base */ = {isa = PBXFileReference; lastKnownFileType = file.storyboard; name = Base; path = Base.lproj/Main.storyboard; sourceTree = "<group>"; };
		8D07D79624D0F4C8008DA038 /* Assets.xcassets */ = {isa = PBXFileReference; lastKnownFileType = folder.assetcatalog; path = Assets.xcassets; sourceTree = "<group>"; };
		8D07D79924D0F4C8008DA038 /* Base */ = {isa = PBXFileReference; lastKnownFileType = file.storyboard; name = Base; path = Base.lproj/LaunchScreen.storyboard; sourceTree = "<group>"; };
		8D07D79B24D0F4C8008DA038 /* Info.plist */ = {isa = PBXFileReference; lastKnownFileType = text.plist.xml; path = Info.plist; sourceTree = "<group>"; };
		8D0C291424D11B700061FD37 /* GoogleService-Info.plist */ = {isa = PBXFileReference; fileEncoding = 4; lastKnownFileType = text.plist.xml; path = "GoogleService-Info.plist"; sourceTree = "<group>"; };
		8D0C291624D134120061FD37 /* NextViewController.swift */ = {isa = PBXFileReference; lastKnownFileType = sourcecode.swift; path = NextViewController.swift; sourceTree = "<group>"; };
		8D0C291824D13E2B0061FD37 /* ja */ = {isa = PBXFileReference; lastKnownFileType = text.plist.strings; name = ja; path = ja.lproj/Main.strings; sourceTree = "<group>"; };
		8D0C291924D13E2B0061FD37 /* ja */ = {isa = PBXFileReference; lastKnownFileType = text.plist.strings; name = ja; path = ja.lproj/LaunchScreen.strings; sourceTree = "<group>"; };
/* End PBXFileReference section */

/* Begin PBXFrameworksBuildPhase section */
		8D07D78724D0F4C4008DA038 /* Frameworks */ = {
			isa = PBXFrameworksBuildPhase;
			buildActionMask = 2147483647;
			files = (
				59B7170744AC0776827920AC /* Pods_Swift5FBloginFirebase.framework in Frameworks */,
			);
			runOnlyForDeploymentPostprocessing = 0;
		};
/* End PBXFrameworksBuildPhase section */

/* Begin PBXGroup section */
		8D07D78124D0F4C4008DA038 = {
			isa = PBXGroup;
			children = (
				8D07D78C24D0F4C4008DA038 /* Swift5FBloginFirebase */,
				8D07D78B24D0F4C4008DA038 /* Products */,
				D6406F9CB2606BA11A4E2E40 /* Pods */,
				D25F4B48527A35F3338EAD8A /* Frameworks */,
			);
			sourceTree = "<group>";
		};
		8D07D78B24D0F4C4008DA038 /* Products */ = {
			isa = PBXGroup;
			children = (
				8D07D78A24D0F4C4008DA038 /* Swift5FBloginFirebase.app */,
			);
			name = Products;
			sourceTree = "<group>";
		};
		8D07D78C24D0F4C4008DA038 /* Swift5FBloginFirebase */ = {
			isa = PBXGroup;
			children = (
				8D07D78D24D0F4C4008DA038 /* AppDelegate.swift */,
				8D07D78F24D0F4C4008DA038 /* SceneDelegate.swift */,
				8D07D79124D0F4C4008DA038 /* ViewController.swift */,
				8D0C291624D134120061FD37 /* NextViewController.swift */,
				8D07D79324D0F4C4008DA038 /* Main.storyboard */,
				8D07D79624D0F4C8008DA038 /* Assets.xcassets */,
				8D07D79824D0F4C8008DA038 /* LaunchScreen.storyboard */,
				8D07D79B24D0F4C8008DA038 /* Info.plist */,
				8D0C291424D11B700061FD37 /* GoogleService-Info.plist */,
			);
			path = Swift5FBloginFirebase;
			sourceTree = "<group>";
		};
		D25F4B48527A35F3338EAD8A /* Frameworks */ = {
			isa = PBXGroup;
			children = (
				1724A78378898C0B62C47AC1 /* Pods_Swift5FBloginFirebase.framework */,
			);
			name = Frameworks;
			sourceTree = "<group>";
		};
		D6406F9CB2606BA11A4E2E40 /* Pods */ = {
			isa = PBXGroup;
			children = (
				46733676B49EA01170BD9F72 /* Pods-Swift5FBloginFirebase.debug.xcconfig */,
				260C35750D251E1A1A8D890D /* Pods-Swift5FBloginFirebase.release.xcconfig */,
			);
			path = Pods;
			sourceTree = "<group>";
		};
/* End PBXGroup section */

/* Begin PBXNativeTarget section */
		8D07D78924D0F4C4008DA038 /* Swift5FBloginFirebase */ = {
			isa = PBXNativeTarget;
			buildConfigurationList = 8D07D79E24D0F4C8008DA038 /* Build configuration list for PBXNativeTarget "Swift5FBloginFirebase" */;
			buildPhases = (
				3AD3072311AE194DE0EE6135 /* [CP] Check Pods Manifest.lock */,
				8D07D78624D0F4C4008DA038 /* Sources */,
				8D07D78724D0F4C4008DA038 /* Frameworks */,
				8D07D78824D0F4C4008DA038 /* Resources */,
				014EBA0F18208480A6167E58 /* [CP] Embed Pods Frameworks */,
			);
			buildRules = (
			);
			dependencies = (
			);
			name = Swift5FBloginFirebase;
			productName = Swift5FBloginFirebase;
			productReference = 8D07D78A24D0F4C4008DA038 /* Swift5FBloginFirebase.app */;
			productType = "com.apple.product-type.application";
		};
/* End PBXNativeTarget section */

/* Begin PBXProject section */
		8D07D78224D0F4C4008DA038 /* Project object */ = {
			isa = PBXProject;
			attributes = {
				LastSwiftUpdateCheck = 1160;
				LastUpgradeCheck = 1160;
				ORGANIZATIONNAME = "中塚富士雄";
				TargetAttributes = {
					8D07D78924D0F4C4008DA038 = {
						CreatedOnToolsVersion = 11.6;
					};
				};
			};
			buildConfigurationList = 8D07D78524D0F4C4008DA038 /* Build configuration list for PBXProject "Swift5FBloginFirebase" */;
			compatibilityVersion = "Xcode 9.3";
			developmentRegion = en;
			hasScannedForEncodings = 0;
			knownRegions = (
				en,
				Base,
				ja,
			);
			mainGroup = 8D07D78124D0F4C4008DA038;
			productRefGroup = 8D07D78B24D0F4C4008DA038 /* Products */;
			projectDirPath = "";
			projectRoot = "";
			targets = (
				8D07D78924D0F4C4008DA038 /* Swift5FBloginFirebase */,
			);
		};
/* End PBXProject section */

/* Begin PBXResourcesBuildPhase section */
		8D07D78824D0F4C4008DA038 /* Resources */ = {
			isa = PBXResourcesBuildPhase;
			buildActionMask = 2147483647;
			files = (
				8D07D79A24D0F4C8008DA038 /* LaunchScreen.storyboard in Resources */,
				8D0C291524D11B700061FD37 /* GoogleService-Info.plist in Resources */,
				8D07D79724D0F4C8008DA038 /* Assets.xcassets in Resources */,
				8D07D79524D0F4C4008DA038 /* Main.storyboard in Resources */,
			);
			runOnlyForDeploymentPostprocessing = 0;
		};
/* End PBXResourcesBuildPhase section */

/* Begin PBXShellScriptBuildPhase section */
		014EBA0F18208480A6167E58 /* [CP] Embed Pods Frameworks */ = {
			isa = PBXShellScriptBuildPhase;
			buildActionMask = 2147483647;
			files = (
			);
			inputFileListPaths = (
				"${PODS_ROOT}/Target Support Files/Pods-Swift5FBloginFirebase/Pods-Swift5FBloginFirebase-frameworks-${CONFIGURATION}-input-files.xcfilelist",
			);
			name = "[CP] Embed Pods Frameworks";
			outputFileListPaths = (
				"${PODS_ROOT}/Target Support Files/Pods-Swift5FBloginFirebase/Pods-Swift5FBloginFirebase-frameworks-${CONFIGURATION}-output-files.xcfilelist",
			);
			runOnlyForDeploymentPostprocessing = 0;
			shellPath = /bin/sh;
			shellScript = "\"${PODS_ROOT}/Target Support Files/Pods-Swift5FBloginFirebase/Pods-Swift5FBloginFirebase-frameworks.sh\"\n";
			showEnvVarsInLog = 0;
		};
		3AD3072311AE194DE0EE6135 /* [CP] Check Pods Manifest.lock */ = {
			isa = PBXShellScriptBuildPhase;
			buildActionMask = 2147483647;
			files = (
			);
			inputFileListPaths = (
			);
			inputPaths = (
				"${PODS_PODFILE_DIR_PATH}/Podfile.lock",
				"${PODS_ROOT}/Manifest.lock",
			);
			name = "[CP] Check Pods Manifest.lock";
			outputFileListPaths = (
			);
			outputPaths = (
				"$(DERIVED_FILE_DIR)/Pods-Swift5FBloginFirebase-checkManifestLockResult.txt",
			);
			runOnlyForDeploymentPostprocessing = 0;
			shellPath = /bin/sh;
			shellScript = "diff \"${PODS_PODFILE_DIR_PATH}/Podfile.lock\" \"${PODS_ROOT}/Manifest.lock\" > /dev/null\nif [ $? != 0 ] ; then\n    # print error to STDERR\n    echo \"error: The sandbox is not in sync with the Podfile.lock. Run 'pod install' or update your CocoaPods installation.\" >&2\n    exit 1\nfi\n# This output is used by Xcode 'outputs' to avoid re-running this script phase.\necho \"SUCCESS\" > \"${SCRIPT_OUTPUT_FILE_0}\"\n";
			showEnvVarsInLog = 0;
		};
/* End PBXShellScriptBuildPhase section */

/* Begin PBXSourcesBuildPhase section */
		8D07D78624D0F4C4008DA038 /* Sources */ = {
			isa = PBXSourcesBuildPhase;
			buildActionMask = 2147483647;
			files = (
				8D07D79224D0F4C4008DA038 /* ViewController.swift in Sources */,
				8D0C291724D134120061FD37 /* NextViewController.swift in Sources */,
				8D07D78E24D0F4C4008DA038 /* AppDelegate.swift in Sources */,
				8D07D79024D0F4C4008DA038 /* SceneDelegate.swift in Sources */,
			);
			runOnlyForDeploymentPostprocessing = 0;
		};
/* End PBXSourcesBuildPhase section */

/* Begin PBXVariantGroup section */
		8D07D79324D0F4C4008DA038 /* Main.storyboard */ = {
			isa = PBXVariantGroup;
			children = (
				8D07D79424D0F4C4008DA038 /* Base */,
				8D0C291824D13E2B0061FD37 /* ja */,
			);
			name = Main.storyboard;
			sourceTree = "<group>";
		};
		8D07D79824D0F4C8008DA038 /* LaunchScreen.storyboard */ = {
			isa = PBXVariantGroup;
			children = (
				8D07D79924D0F4C8008DA038 /* Base */,
				8D0C291924D13E2B0061FD37 /* ja */,
			);
			name = LaunchScreen.storyboard;
			sourceTree = "<group>";
		};
/* End PBXVariantGroup section */

/* Begin XCBuildConfiguration section */
		8D07D79C24D0F4C8008DA038 /* Debug */ = {
			isa = XCBuildConfiguration;
			buildSettings = {
				ALWAYS_SEARCH_USER_PATHS = NO;
				CLANG_ANALYZER_LOCALIZABILITY_NONLOCALIZED = YES;
				CLANG_ANALYZER_NONNULL = YES;
				CLANG_ANALYZER_NUMBER_OBJECT_CONVERSION = YES_AGGRESSIVE;
				CLANG_CXX_LANGUAGE_STANDARD = "gnu++14";
				CLANG_CXX_LIBRARY = "libc++";
				CLANG_ENABLE_MODULES = YES;
				CLANG_ENABLE_OBJC_ARC = YES;
				CLANG_ENABLE_OBJC_WEAK = YES;
				CLANG_WARN_BLOCK_CAPTURE_AUTORELEASING = YES;
				CLANG_WARN_BOOL_CONVERSION = YES;
				CLANG_WARN_COMMA = YES;
				CLANG_WARN_CONSTANT_CONVERSION = YES;
				CLANG_WARN_DEPRECATED_OBJC_IMPLEMENTATIONS = YES;
				CLANG_WARN_DIRECT_OBJC_ISA_USAGE = YES_ERROR;
				CLANG_WARN_DOCUMENTATION_COMMENTS = YES;
				CLANG_WARN_EMPTY_BODY = YES;
				CLANG_WARN_ENUM_CONVERSION = YES;
				CLANG_WARN_INFINITE_RECURSION = YES;
				CLANG_WARN_INT_CONVERSION = YES;
				CLANG_WARN_NON_LITERAL_NULL_CONVERSION = YES;
				CLANG_WARN_OBJC_IMPLICIT_RETAIN_SELF = YES;
				CLANG_WARN_OBJC_LITERAL_CONVERSION = YES;
				CLANG_WARN_OBJC_ROOT_CLASS = YES_ERROR;
				CLANG_WARN_RANGE_LOOP_ANALYSIS = YES;
				CLANG_WARN_STRICT_PROTOTYPES = YES;
				CLANG_WARN_SUSPICIOUS_MOVE = YES;
				CLANG_WARN_UNGUARDED_AVAILABILITY = YES_AGGRESSIVE;
				CLANG_WARN_UNREACHABLE_CODE = YES;
				CLANG_WARN__DUPLICATE_METHOD_MATCH = YES;
				COPY_PHASE_STRIP = NO;
				DEBUG_INFORMATION_FORMAT = dwarf;
				ENABLE_STRICT_OBJC_MSGSEND = YES;
				ENABLE_TESTABILITY = YES;
				GCC_C_LANGUAGE_STANDARD = gnu11;
				GCC_DYNAMIC_NO_PIC = NO;
				GCC_NO_COMMON_BLOCKS = YES;
				GCC_OPTIMIZATION_LEVEL = 0;
				GCC_PREPROCESSOR_DEFINITIONS = (
					"DEBUG=1",
					"$(inherited)",
				);
				GCC_WARN_64_TO_32_BIT_CONVERSION = YES;
				GCC_WARN_ABOUT_RETURN_TYPE = YES_ERROR;
				GCC_WARN_UNDECLARED_SELECTOR = YES;
				GCC_WARN_UNINITIALIZED_AUTOS = YES_AGGRESSIVE;
				GCC_WARN_UNUSED_FUNCTION = YES;
				GCC_WARN_UNUSED_VARIABLE = YES;
				IPHONEOS_DEPLOYMENT_TARGET = 13.6;
				MTL_ENABLE_DEBUG_INFO = INCLUDE_SOURCE;
				MTL_FAST_MATH = YES;
				ONLY_ACTIVE_ARCH = YES;
				SDKROOT = iphoneos;
				SWIFT_ACTIVE_COMPILATION_CONDITIONS = DEBUG;
				SWIFT_OPTIMIZATION_LEVEL = "-Onone";
			};
			name = Debug;
		};
		8D07D79D24D0F4C8008DA038 /* Release */ = {
			isa = XCBuildConfiguration;
			buildSettings = {
				ALWAYS_SEARCH_USER_PATHS = NO;
				CLANG_ANALYZER_LOCALIZABILITY_NONLOCALIZED = YES;
				CLANG_ANALYZER_NONNULL = YES;
				CLANG_ANALYZER_NUMBER_OBJECT_CONVERSION = YES_AGGRESSIVE;
				CLANG_CXX_LANGUAGE_STANDARD = "gnu++14";
				CLANG_CXX_LIBRARY = "libc++";
				CLANG_ENABLE_MODULES = YES;
				CLANG_ENABLE_OBJC_ARC = YES;
				CLANG_ENABLE_OBJC_WEAK = YES;
				CLANG_WARN_BLOCK_CAPTURE_AUTORELEASING = YES;
				CLANG_WARN_BOOL_CONVERSION = YES;
				CLANG_WARN_COMMA = YES;
				CLANG_WARN_CONSTANT_CONVERSION = YES;
				CLANG_WARN_DEPRECATED_OBJC_IMPLEMENTATIONS = YES;
				CLANG_WARN_DIRECT_OBJC_ISA_USAGE = YES_ERROR;
				CLANG_WARN_DOCUMENTATION_COMMENTS = YES;
				CLANG_WARN_EMPTY_BODY = YES;
				CLANG_WARN_ENUM_CONVERSION = YES;
				CLANG_WARN_INFINITE_RECURSION = YES;
				CLANG_WARN_INT_CONVERSION = YES;
				CLANG_WARN_NON_LITERAL_NULL_CONVERSION = YES;
				CLANG_WARN_OBJC_IMPLICIT_RETAIN_SELF = YES;
				CLANG_WARN_OBJC_LITERAL_CONVERSION = YES;
				CLANG_WARN_OBJC_ROOT_CLASS = YES_ERROR;
				CLANG_WARN_RANGE_LOOP_ANALYSIS = YES;
				CLANG_WARN_STRICT_PROTOTYPES = YES;
				CLANG_WARN_SUSPICIOUS_MOVE = YES;
				CLANG_WARN_UNGUARDED_AVAILABILITY = YES_AGGRESSIVE;
				CLANG_WARN_UNREACHABLE_CODE = YES;
				CLANG_WARN__DUPLICATE_METHOD_MATCH = YES;
				COPY_PHASE_STRIP = NO;
				DEBUG_INFORMATION_FORMAT = "dwarf-with-dsym";
				ENABLE_NS_ASSERTIONS = NO;
				ENABLE_STRICT_OBJC_MSGSEND = YES;
				GCC_C_LANGUAGE_STANDARD = gnu11;
				GCC_NO_COMMON_BLOCKS = YES;
				GCC_WARN_64_TO_32_BIT_CONVERSION = YES;
				GCC_WARN_ABOUT_RETURN_TYPE = YES_ERROR;
				GCC_WARN_UNDECLARED_SELECTOR = YES;
				GCC_WARN_UNINITIALIZED_AUTOS = YES_AGGRESSIVE;
				GCC_WARN_UNUSED_FUNCTION = YES;
				GCC_WARN_UNUSED_VARIABLE = YES;
				IPHONEOS_DEPLOYMENT_TARGET = 13.6;
				MTL_ENABLE_DEBUG_INFO = NO;
				MTL_FAST_MATH = YES;
				SDKROOT = iphoneos;
				SWIFT_COMPILATION_MODE = wholemodule;
				SWIFT_OPTIMIZATION_LEVEL = "-O";
				VALIDATE_PRODUCT = YES;
			};
			name = Release;
		};
		8D07D79F24D0F4C8008DA038 /* Debug */ = {
			isa = XCBuildConfiguration;
			baseConfigurationReference = 46733676B49EA01170BD9F72 /* Pods-Swift5FBloginFirebase.debug.xcconfig */;
			buildSettings = {
				ASSETCATALOG_COMPILER_APPICON_NAME = AppIcon;
				CODE_SIGN_STYLE = Automatic;
				DEVELOPMENT_TEAM = XHN5S8Z76G;
				INFOPLIST_FILE = Swift5FBloginFirebase/Info.plist;
				LD_RUNPATH_SEARCH_PATHS = (
					"$(inherited)",
					"@executable_path/Frameworks",
				);
				PRODUCT_BUNDLE_IDENTIFIER = com.nifty.cbm01799.Swift5FBloginFirebase;
				PRODUCT_NAME = "$(TARGET_NAME)";
				SWIFT_VERSION = 5.0;
				TARGETED_DEVICE_FAMILY = 1;
			};
			name = Debug;
		};
		8D07D7A024D0F4C8008DA038 /* Release */ = {
			isa = XCBuildConfiguration;
			baseConfigurationReference = 260C35750D251E1A1A8D890D /* Pods-Swift5FBloginFirebase.release.xcconfig */;
			buildSettings = {
				ASSETCATALOG_COMPILER_APPICON_NAME = AppIcon;
				CODE_SIGN_STYLE = Automatic;
				DEVELOPMENT_TEAM = XHN5S8Z76G;
				INFOPLIST_FILE = Swift5FBloginFirebase/Info.plist;
				LD_RUNPATH_SEARCH_PATHS = (
					"$(inherited)",
					"@executable_path/Frameworks",
				);
				PRODUCT_BUNDLE_IDENTIFIER = com.nifty.cbm01799.Swift5FBloginFirebase;
				PRODUCT_NAME = "$(TARGET_NAME)";
				SWIFT_VERSION = 5.0;
				TARGETED_DEVICE_FAMILY = 1;
			};
			name = Release;
		};
/* End XCBuildConfiguration section */

/* Begin XCConfigurationList section */
		8D07D78524D0F4C4008DA038 /* Build configuration list for PBXProject "Swift5FBloginFirebase" */ = {
			isa = XCConfigurationList;
			buildConfigurations = (
				8D07D79C24D0F4C8008DA038 /* Debug */,
				8D07D79D24D0F4C8008DA038 /* Release */,
			);
			defaultConfigurationIsVisible = 0;
			defaultConfigurationName = Release;
		};
		8D07D79E24D0F4C8008DA038 /* Build configuration list for PBXNativeTarget "Swift5FBloginFirebase" */ = {
			isa = XCConfigurationList;
			buildConfigurations = (
				8D07D79F24D0F4C8008DA038 /* Debug */,
				8D07D7A024D0F4C8008DA038 /* Release */,
			);
			defaultConfigurationIsVisible = 0;
			defaultConfigurationName = Release;
		};
/* End XCConfigurationList section */
	};
	rootObject = 8D07D78224D0F4C4008DA038 /* Project object */;
}
